// !$*UTF8*$!
{
	archiveVersion = 1;
	classes = {
	};
	objectVersion = 50;
	objects = {

/* Begin PBXBuildFile section */
		5C5219E42331A19000C76A4C /* SignUpButton.swift in Sources */ = {isa = PBXBuildFile; fileRef = 5C5219E32331A19000C76A4C /* SignUpButton.swift */; };
		5C5219E62331B3D900C76A4C /* GreenButton.swift in Sources */ = {isa = PBXBuildFile; fileRef = 5C5219E52331B3D900C76A4C /* GreenButton.swift */; };
		5C5219EC2331C39C00C76A4C /* Assets.xcassets in Resources */ = {isa = PBXBuildFile; fileRef = 5C5219EB2331C39C00C76A4C /* Assets.xcassets */; };
		5C5219EE2331CA7100C76A4C /* CircleView.swift in Sources */ = {isa = PBXBuildFile; fileRef = 5C5219ED2331CA7100C76A4C /* CircleView.swift */; };
		5C5219F02331CBAB00C76A4C /* UserLoginViewController.swift in Sources */ = {isa = PBXBuildFile; fileRef = 5C5219EF2331CBAB00C76A4C /* UserLoginViewController.swift */; };
		5C5219F22331CC3B00C76A4C /* UserRegisterViewController.swift in Sources */ = {isa = PBXBuildFile; fileRef = 5C5219F12331CC3B00C76A4C /* UserRegisterViewController.swift */; };
		5C5219F42331CC9100C76A4C /* UserContRegisterViewController.swift in Sources */ = {isa = PBXBuildFile; fileRef = 5C5219F32331CC9100C76A4C /* UserContRegisterViewController.swift */; };
		5CB20B962330A2E30040411F /* AppDelegate.swift in Sources */ = {isa = PBXBuildFile; fileRef = 5CB20B952330A2E30040411F /* AppDelegate.swift */; };
		5CB20B982330A2E30040411F /* ViewController.swift in Sources */ = {isa = PBXBuildFile; fileRef = 5CB20B972330A2E30040411F /* ViewController.swift */; };
		5CB20B9B2330A2E30040411F /* Main.storyboard in Resources */ = {isa = PBXBuildFile; fileRef = 5CB20B992330A2E30040411F /* Main.storyboard */; };
		5CB20B9E2330A2E30040411F /* WeFit.xcdatamodeld in Sources */ = {isa = PBXBuildFile; fileRef = 5CB20B9C2330A2E30040411F /* WeFit.xcdatamodeld */; };
		5CB20BA32330A2E70040411F /* LaunchScreen.storyboard in Resources */ = {isa = PBXBuildFile; fileRef = 5CB20BA12330A2E70040411F /* LaunchScreen.storyboard */; };
		5CB20BAE2330A2E70040411F /* WeFitTests.swift in Sources */ = {isa = PBXBuildFile; fileRef = 5CB20BAD2330A2E70040411F /* WeFitTests.swift */; };
		5CB20BB92330A2E70040411F /* WeFitUITests.swift in Sources */ = {isa = PBXBuildFile; fileRef = 5CB20BB82330A2E70040411F /* WeFitUITests.swift */; };
/* End PBXBuildFile section */

/* Begin PBXContainerItemProxy section */
		5CB20BAA2330A2E70040411F /* PBXContainerItemProxy */ = {
			isa = PBXContainerItemProxy;
			containerPortal = 5CB20B8A2330A2E30040411F /* Project object */;
			proxyType = 1;
			remoteGlobalIDString = 5CB20B912330A2E30040411F;
			remoteInfo = WeFit;
		};
		5CB20BB52330A2E70040411F /* PBXContainerItemProxy */ = {
			isa = PBXContainerItemProxy;
			containerPortal = 5CB20B8A2330A2E30040411F /* Project object */;
			proxyType = 1;
			remoteGlobalIDString = 5CB20B912330A2E30040411F;
			remoteInfo = WeFit;
		};
/* End PBXContainerItemProxy section */

/* Begin PBXFileReference section */
		5C5219E32331A19000C76A4C /* SignUpButton.swift */ = {isa = PBXFileReference; lastKnownFileType = sourcecode.swift; path = SignUpButton.swift; sourceTree = "<group>"; };
		5C5219E52331B3D900C76A4C /* GreenButton.swift */ = {isa = PBXFileReference; lastKnownFileType = sourcecode.swift; path = GreenButton.swift; sourceTree = "<group>"; };
		5C5219EB2331C39C00C76A4C /* Assets.xcassets */ = {isa = PBXFileReference; lastKnownFileType = folder.assetcatalog; path = Assets.xcassets; sourceTree = "<group>"; };
		5C5219ED2331CA7100C76A4C /* CircleView.swift */ = {isa = PBXFileReference; lastKnownFileType = sourcecode.swift; path = CircleView.swift; sourceTree = "<group>"; };
		5C5219EF2331CBAB00C76A4C /* UserLoginViewController.swift */ = {isa = PBXFileReference; lastKnownFileType = sourcecode.swift; path = UserLoginViewController.swift; sourceTree = "<group>"; };
		5C5219F12331CC3B00C76A4C /* UserRegisterViewController.swift */ = {isa = PBXFileReference; lastKnownFileType = sourcecode.swift; path = UserRegisterViewController.swift; sourceTree = "<group>"; };
		5C5219F32331CC9100C76A4C /* UserContRegisterViewController.swift */ = {isa = PBXFileReference; lastKnownFileType = sourcecode.swift; path = UserContRegisterViewController.swift; sourceTree = "<group>"; };
		5CB20B922330A2E30040411F /* WeFit.app */ = {isa = PBXFileReference; explicitFileType = wrapper.application; includeInIndex = 0; path = WeFit.app; sourceTree = BUILT_PRODUCTS_DIR; };
		5CB20B952330A2E30040411F /* AppDelegate.swift */ = {isa = PBXFileReference; lastKnownFileType = sourcecode.swift; path = AppDelegate.swift; sourceTree = "<group>"; };
		5CB20B972330A2E30040411F /* ViewController.swift */ = {isa = PBXFileReference; lastKnownFileType = sourcecode.swift; path = ViewController.swift; sourceTree = "<group>"; };
		5CB20B9A2330A2E30040411F /* Base */ = {isa = PBXFileReference; lastKnownFileType = file.storyboard; name = Base; path = Base.lproj/Main.storyboard; sourceTree = "<group>"; };
		5CB20B9D2330A2E30040411F /* WeFit.xcdatamodel */ = {isa = PBXFileReference; lastKnownFileType = wrapper.xcdatamodel; path = WeFit.xcdatamodel; sourceTree = "<group>"; };
		5CB20BA22330A2E70040411F /* Base */ = {isa = PBXFileReference; lastKnownFileType = file.storyboard; name = Base; path = Base.lproj/LaunchScreen.storyboard; sourceTree = "<group>"; };
		5CB20BA42330A2E70040411F /* Info.plist */ = {isa = PBXFileReference; lastKnownFileType = text.plist.xml; path = Info.plist; sourceTree = "<group>"; };
		5CB20BA92330A2E70040411F /* WeFitTests.xctest */ = {isa = PBXFileReference; explicitFileType = wrapper.cfbundle; includeInIndex = 0; path = WeFitTests.xctest; sourceTree = BUILT_PRODUCTS_DIR; };
		5CB20BAD2330A2E70040411F /* WeFitTests.swift */ = {isa = PBXFileReference; lastKnownFileType = sourcecode.swift; path = WeFitTests.swift; sourceTree = "<group>"; };
		5CB20BAF2330A2E70040411F /* Info.plist */ = {isa = PBXFileReference; lastKnownFileType = text.plist.xml; path = Info.plist; sourceTree = "<group>"; };
		5CB20BB42330A2E70040411F /* WeFitUITests.xctest */ = {isa = PBXFileReference; explicitFileType = wrapper.cfbundle; includeInIndex = 0; path = WeFitUITests.xctest; sourceTree = BUILT_PRODUCTS_DIR; };
		5CB20BB82330A2E70040411F /* WeFitUITests.swift */ = {isa = PBXFileReference; lastKnownFileType = sourcecode.swift; path = WeFitUITests.swift; sourceTree = "<group>"; };
		5CB20BBA2330A2E70040411F /* Info.plist */ = {isa = PBXFileReference; lastKnownFileType = text.plist.xml; path = Info.plist; sourceTree = "<group>"; };
/* End PBXFileReference section */

/* Begin PBXFrameworksBuildPhase section */
		5CB20B8F2330A2E30040411F /* Frameworks */ = {
			isa = PBXFrameworksBuildPhase;
			buildActionMask = 2147483647;
			files = (
			);
			runOnlyForDeploymentPostprocessing = 0;
		};
		5CB20BA62330A2E70040411F /* Frameworks */ = {
			isa = PBXFrameworksBuildPhase;
			buildActionMask = 2147483647;
			files = (
			);
			runOnlyForDeploymentPostprocessing = 0;
		};
		5CB20BB12330A2E70040411F /* Frameworks */ = {
			isa = PBXFrameworksBuildPhase;
			buildActionMask = 2147483647;
			files = (
			);
			runOnlyForDeploymentPostprocessing = 0;
		};
/* End PBXFrameworksBuildPhase section */

/* Begin PBXGroup section */
		5C5219E223319AFD00C76A4C /* Model */ = {
			isa = PBXGroup;
			children = (
				5C5219E32331A19000C76A4C /* SignUpButton.swift */,
				5C5219E52331B3D900C76A4C /* GreenButton.swift */,
				5C5219ED2331CA7100C76A4C /* CircleView.swift */,
			);
			path = Model;
			sourceTree = "<group>";
		};
		5CB20B892330A2E30040411F = {
			isa = PBXGroup;
			children = (
				5C5219E223319AFD00C76A4C /* Model */,
				5CB20B942330A2E30040411F /* WeFit */,
				5CB20BAC2330A2E70040411F /* WeFitTests */,
				5CB20BB72330A2E70040411F /* WeFitUITests */,
				5CB20B932330A2E30040411F /* Products */,
			);
			sourceTree = "<group>";
		};
		5CB20B932330A2E30040411F /* Products */ = {
			isa = PBXGroup;
			children = (
				5CB20B922330A2E30040411F /* WeFit.app */,
				5CB20BA92330A2E70040411F /* WeFitTests.xctest */,
				5CB20BB42330A2E70040411F /* WeFitUITests.xctest */,
			);
			name = Products;
			sourceTree = "<group>";
		};
		5CB20B942330A2E30040411F /* WeFit */ = {
			isa = PBXGroup;
			children = (
				5CB20B952330A2E30040411F /* AppDelegate.swift */,
				5CB20B972330A2E30040411F /* ViewController.swift */,
				5CB20B992330A2E30040411F /* Main.storyboard */,
				5C5219EF2331CBAB00C76A4C /* UserLoginViewController.swift */,
				5CB20BA12330A2E70040411F /* LaunchScreen.storyboard */,
				5CB20BA42330A2E70040411F /* Info.plist */,
				5CB20B9C2330A2E30040411F /* WeFit.xcdatamodeld */,
				5C5219EB2331C39C00C76A4C /* Assets.xcassets */,
				5C5219F12331CC3B00C76A4C /* UserRegisterViewController.swift */,
				5C5219F32331CC9100C76A4C /* UserContRegisterViewController.swift */,
			);
			path = WeFit;
			sourceTree = "<group>";
		};
		5CB20BAC2330A2E70040411F /* WeFitTests */ = {
			isa = PBXGroup;
			children = (
				5CB20BAD2330A2E70040411F /* WeFitTests.swift */,
				5CB20BAF2330A2E70040411F /* Info.plist */,
			);
			path = WeFitTests;
			sourceTree = "<group>";
		};
		5CB20BB72330A2E70040411F /* WeFitUITests */ = {
			isa = PBXGroup;
			children = (
				5CB20BB82330A2E70040411F /* WeFitUITests.swift */,
				5CB20BBA2330A2E70040411F /* Info.plist */,
			);
			path = WeFitUITests;
			sourceTree = "<group>";
		};
/* End PBXGroup section */

/* Begin PBXNativeTarget section */
		5CB20B912330A2E30040411F /* WeFit */ = {
			isa = PBXNativeTarget;
			buildConfigurationList = 5CB20BBD2330A2E70040411F /* Build configuration list for PBXNativeTarget "WeFit" */;
			buildPhases = (
				5CB20B8E2330A2E30040411F /* Sources */,
				5CB20B8F2330A2E30040411F /* Frameworks */,
				5CB20B902330A2E30040411F /* Resources */,
			);
			buildRules = (
			);
			dependencies = (
			);
			name = WeFit;
			productName = WeFit;
			productReference = 5CB20B922330A2E30040411F /* WeFit.app */;
			productType = "com.apple.product-type.application";
		};
		5CB20BA82330A2E70040411F /* WeFitTests */ = {
			isa = PBXNativeTarget;
			buildConfigurationList = 5CB20BC02330A2E70040411F /* Build configuration list for PBXNativeTarget "WeFitTests" */;
			buildPhases = (
				5CB20BA52330A2E70040411F /* Sources */,
				5CB20BA62330A2E70040411F /* Frameworks */,
				5CB20BA72330A2E70040411F /* Resources */,
			);
			buildRules = (
			);
			dependencies = (
				5CB20BAB2330A2E70040411F /* PBXTargetDependency */,
			);
			name = WeFitTests;
			productName = WeFitTests;
			productReference = 5CB20BA92330A2E70040411F /* WeFitTests.xctest */;
			productType = "com.apple.product-type.bundle.unit-test";
		};
		5CB20BB32330A2E70040411F /* WeFitUITests */ = {
			isa = PBXNativeTarget;
			buildConfigurationList = 5CB20BC32330A2E70040411F /* Build configuration list for PBXNativeTarget "WeFitUITests" */;
			buildPhases = (
				5CB20BB02330A2E70040411F /* Sources */,
				5CB20BB12330A2E70040411F /* Frameworks */,
				5CB20BB22330A2E70040411F /* Resources */,
			);
			buildRules = (
			);
			dependencies = (
				5CB20BB62330A2E70040411F /* PBXTargetDependency */,
			);
			name = WeFitUITests;
			productName = WeFitUITests;
			productReference = 5CB20BB42330A2E70040411F /* WeFitUITests.xctest */;
			productType = "com.apple.product-type.bundle.ui-testing";
		};
/* End PBXNativeTarget section */

/* Begin PBXProject section */
		5CB20B8A2330A2E30040411F /* Project object */ = {
			isa = PBXProject;
			attributes = {
				LastSwiftUpdateCheck = 1030;
				LastUpgradeCheck = 1030;
				ORGANIZATIONNAME = WeFit;
				TargetAttributes = {
					5CB20B912330A2E30040411F = {
						CreatedOnToolsVersion = 10.3;
					};
					5CB20BA82330A2E70040411F = {
						CreatedOnToolsVersion = 10.3;
						TestTargetID = 5CB20B912330A2E30040411F;
					};
					5CB20BB32330A2E70040411F = {
						CreatedOnToolsVersion = 10.3;
						TestTargetID = 5CB20B912330A2E30040411F;
					};
				};
			};
			buildConfigurationList = 5CB20B8D2330A2E30040411F /* Build configuration list for PBXProject "WeFit" */;
			compatibilityVersion = "Xcode 9.3";
			developmentRegion = en;
			hasScannedForEncodings = 0;
			knownRegions = (
				en,
				Base,
			);
			mainGroup = 5CB20B892330A2E30040411F;
			productRefGroup = 5CB20B932330A2E30040411F /* Products */;
			projectDirPath = "";
			projectRoot = "";
			targets = (
				5CB20B912330A2E30040411F /* WeFit */,
				5CB20BA82330A2E70040411F /* WeFitTests */,
				5CB20BB32330A2E70040411F /* WeFitUITests */,
			);
		};
/* End PBXProject section */

/* Begin PBXResourcesBuildPhase section */
		5CB20B902330A2E30040411F /* Resources */ = {
			isa = PBXResourcesBuildPhase;
			buildActionMask = 2147483647;
			files = (
				5CB20BA32330A2E70040411F /* LaunchScreen.storyboard in Resources */,
				5C5219EC2331C39C00C76A4C /* Assets.xcassets in Resources */,
				5CB20B9B2330A2E30040411F /* Main.storyboard in Resources */,
			);
			runOnlyForDeploymentPostprocessing = 0;
		};
		5CB20BA72330A2E70040411F /* Resources */ = {
			isa = PBXResourcesBuildPhase;
			buildActionMask = 2147483647;
			files = (
			);
			runOnlyForDeploymentPostprocessing = 0;
		};
		5CB20BB22330A2E70040411F /* Resources */ = {
			isa = PBXResourcesBuildPhase;
			buildActionMask = 2147483647;
			files = (
			);
			runOnlyForDeploymentPostprocessing = 0;
		};
/* End PBXResourcesBuildPhase section */

/* Begin PBXSourcesBuildPhase section */
		5CB20B8E2330A2E30040411F /* Sources */ = {
			isa = PBXSourcesBuildPhase;
			buildActionMask = 2147483647;
			files = (
				5C5219F02331CBAB00C76A4C /* UserLoginViewController.swift in Sources */,
				5C5219EE2331CA7100C76A4C /* CircleView.swift in Sources */,
				5CB20B982330A2E30040411F /* ViewController.swift in Sources */,
				5C5219F42331CC9100C76A4C /* UserContRegisterViewController.swift in Sources */,
				5CB20B962330A2E30040411F /* AppDelegate.swift in Sources */,
				5C5219F22331CC3B00C76A4C /* UserRegisterViewController.swift in Sources */,
				5C5219E62331B3D900C76A4C /* GreenButton.swift in Sources */,
				5CB20B9E2330A2E30040411F /* WeFit.xcdatamodeld in Sources */,
				5C5219E42331A19000C76A4C /* SignUpButton.swift in Sources */,
			);
			runOnlyForDeploymentPostprocessing = 0;
		};
		5CB20BA52330A2E70040411F /* Sources */ = {
			isa = PBXSourcesBuildPhase;
			buildActionMask = 2147483647;
			files = (
				5CB20BAE2330A2E70040411F /* WeFitTests.swift in Sources */,
			);
			runOnlyForDeploymentPostprocessing = 0;
		};
		5CB20BB02330A2E70040411F /* Sources */ = {
			isa = PBXSourcesBuildPhase;
			buildActionMask = 2147483647;
			files = (
				5CB20BB92330A2E70040411F /* WeFitUITests.swift in Sources */,
			);
			runOnlyForDeploymentPostprocessing = 0;
		};
/* End PBXSourcesBuildPhase section */

/* Begin PBXTargetDependency section */
		5CB20BAB2330A2E70040411F /* PBXTargetDependency */ = {
			isa = PBXTargetDependency;
			target = 5CB20B912330A2E30040411F /* WeFit */;
			targetProxy = 5CB20BAA2330A2E70040411F /* PBXContainerItemProxy */;
		};
		5CB20BB62330A2E70040411F /* PBXTargetDependency */ = {
			isa = PBXTargetDependency;
			target = 5CB20B912330A2E30040411F /* WeFit */;
			targetProxy = 5CB20BB52330A2E70040411F /* PBXContainerItemProxy */;
		};
/* End PBXTargetDependency section */

/* Begin PBXVariantGroup section */
		5CB20B992330A2E30040411F /* Main.storyboard */ = {
			isa = PBXVariantGroup;
			children = (
				5CB20B9A2330A2E30040411F /* Base */,
			);
			name = Main.storyboard;
			sourceTree = "<group>";
		};
		5CB20BA12330A2E70040411F /* LaunchScreen.storyboard */ = {
			isa = PBXVariantGroup;
			children = (
				5CB20BA22330A2E70040411F /* Base */,
			);
			name = LaunchScreen.storyboard;
			sourceTree = "<group>";
		};
/* End PBXVariantGroup section */

/* Begin XCBuildConfiguration section */
		5CB20BBB2330A2E70040411F /* Debug */ = {
			isa = XCBuildConfiguration;
			buildSettings = {
				ALWAYS_SEARCH_USER_PATHS = NO;
				CLANG_ANALYZER_NONNULL = YES;
				CLANG_ANALYZER_NUMBER_OBJECT_CONVERSION = YES_AGGRESSIVE;
				CLANG_CXX_LANGUAGE_STANDARD = "gnu++14";
				CLANG_CXX_LIBRARY = "libc++";
				CLANG_ENABLE_MODULES = YES;
				CLANG_ENABLE_OBJC_ARC = YES;
				CLANG_ENABLE_OBJC_WEAK = YES;
				CLANG_WARN_BLOCK_CAPTURE_AUTORELEASING = YES;
				CLANG_WARN_BOOL_CONVERSION = YES;
				CLANG_WARN_COMMA = YES;
				CLANG_WARN_CONSTANT_CONVERSION = YES;
				CLANG_WARN_DEPRECATED_OBJC_IMPLEMENTATIONS = YES;
				CLANG_WARN_DIRECT_OBJC_ISA_USAGE = YES_ERROR;
				CLANG_WARN_DOCUMENTATION_COMMENTS = YES;
				CLANG_WARN_EMPTY_BODY = YES;
				CLANG_WARN_ENUM_CONVERSION = YES;
				CLANG_WARN_INFINITE_RECURSION = YES;
				CLANG_WARN_INT_CONVERSION = YES;
				CLANG_WARN_NON_LITERAL_NULL_CONVERSION = YES;
				CLANG_WARN_OBJC_IMPLICIT_RETAIN_SELF = YES;
				CLANG_WARN_OBJC_LITERAL_CONVERSION = YES;
				CLANG_WARN_OBJC_ROOT_CLASS = YES_ERROR;
				CLANG_WARN_RANGE_LOOP_ANALYSIS = YES;
				CLANG_WARN_STRICT_PROTOTYPES = YES;
				CLANG_WARN_SUSPICIOUS_MOVE = YES;
				CLANG_WARN_UNGUARDED_AVAILABILITY = YES_AGGRESSIVE;
				CLANG_WARN_UNREACHABLE_CODE = YES;
				CLANG_WARN__DUPLICATE_METHOD_MATCH = YES;
				CODE_SIGN_IDENTITY = "iPhone Developer";
				COPY_PHASE_STRIP = NO;
				DEBUG_INFORMATION_FORMAT = dwarf;
				ENABLE_STRICT_OBJC_MSGSEND = YES;
				ENABLE_TESTABILITY = YES;
				GCC_C_LANGUAGE_STANDARD = gnu11;
				GCC_DYNAMIC_NO_PIC = NO;
				GCC_NO_COMMON_BLOCKS = YES;
				GCC_OPTIMIZATION_LEVEL = 0;
				GCC_PREPROCESSOR_DEFINITIONS = (
					"DEBUG=1",
					"$(inherited)",
				);
				GCC_WARN_64_TO_32_BIT_CONVERSION = YES;
				GCC_WARN_ABOUT_RETURN_TYPE = YES_ERROR;
				GCC_WARN_UNDECLARED_SELECTOR = YES;
				GCC_WARN_UNINITIALIZED_AUTOS = YES_AGGRESSIVE;
				GCC_WARN_UNUSED_FUNCTION = YES;
				GCC_WARN_UNUSED_VARIABLE = YES;
				IPHONEOS_DEPLOYMENT_TARGET = 12.4;
				MTL_ENABLE_DEBUG_INFO = INCLUDE_SOURCE;
				MTL_FAST_MATH = YES;
				ONLY_ACTIVE_ARCH = YES;
				SDKROOT = iphoneos;
				SWIFT_ACTIVE_COMPILATION_CONDITIONS = DEBUG;
				SWIFT_OPTIMIZATION_LEVEL = "-Onone";
			};
			name = Debug;
		};
		5CB20BBC2330A2E70040411F /* Release */ = {
			isa = XCBuildConfiguration;
			buildSettings = {
				ALWAYS_SEARCH_USER_PATHS = NO;
				CLANG_ANALYZER_NONNULL = YES;
				CLANG_ANALYZER_NUMBER_OBJECT_CONVERSION = YES_AGGRESSIVE;
				CLANG_CXX_LANGUAGE_STANDARD = "gnu++14";
				CLANG_CXX_LIBRARY = "libc++";
				CLANG_ENABLE_MODULES = YES;
				CLANG_ENABLE_OBJC_ARC = YES;
				CLANG_ENABLE_OBJC_WEAK = YES;
				CLANG_WARN_BLOCK_CAPTURE_AUTORELEASING = YES;
				CLANG_WARN_BOOL_CONVERSION = YES;
				CLANG_WARN_COMMA = YES;
				CLANG_WARN_CONSTANT_CONVERSION = YES;
				CLANG_WARN_DEPRECATED_OBJC_IMPLEMENTATIONS = YES;
				CLANG_WARN_DIRECT_OBJC_ISA_USAGE = YES_ERROR;
				CLANG_WARN_DOCUMENTATION_COMMENTS = YES;
				CLANG_WARN_EMPTY_BODY = YES;
				CLANG_WARN_ENUM_CONVERSION = YES;
				CLANG_WARN_INFINITE_RECURSION = YES;
				CLANG_WARN_INT_CONVERSION = YES;
				CLANG_WARN_NON_LITERAL_NULL_CONVERSION = YES;
				CLANG_WARN_OBJC_IMPLICIT_RETAIN_SELF = YES;
				CLANG_WARN_OBJC_LITERAL_CONVERSION = YES;
				CLANG_WARN_OBJC_ROOT_CLASS = YES_ERROR;
				CLANG_WARN_RANGE_LOOP_ANALYSIS = YES;
				CLANG_WARN_STRICT_PROTOTYPES = YES;
				CLANG_WARN_SUSPICIOUS_MOVE = YES;
				CLANG_WARN_UNGUARDED_AVAILABILITY = YES_AGGRESSIVE;
				CLANG_WARN_UNREACHABLE_CODE = YES;
				CLANG_WARN__DUPLICATE_METHOD_MATCH = YES;
				CODE_SIGN_IDENTITY = "iPhone Developer";
				COPY_PHASE_STRIP = NO;
				DEBUG_INFORMATION_FORMAT = "dwarf-with-dsym";
				ENABLE_NS_ASSERTIONS = NO;
				ENABLE_STRICT_OBJC_MSGSEND = YES;
				GCC_C_LANGUAGE_STANDARD = gnu11;
				GCC_NO_COMMON_BLOCKS = YES;
				GCC_WARN_64_TO_32_BIT_CONVERSION = YES;
				GCC_WARN_ABOUT_RETURN_TYPE = YES_ERROR;
				GCC_WARN_UNDECLARED_SELECTOR = YES;
				GCC_WARN_UNINITIALIZED_AUTOS = YES_AGGRESSIVE;
				GCC_WARN_UNUSED_FUNCTION = YES;
				GCC_WARN_UNUSED_VARIABLE = YES;
				IPHONEOS_DEPLOYMENT_TARGET = 12.4;
				MTL_ENABLE_DEBUG_INFO = NO;
				MTL_FAST_MATH = YES;
				SDKROOT = iphoneos;
				SWIFT_COMPILATION_MODE = wholemodule;
				SWIFT_OPTIMIZATION_LEVEL = "-O";
				VALIDATE_PRODUCT = YES;
			};
			name = Release;
		};
		5CB20BBE2330A2E70040411F /* Debug */ = {
			isa = XCBuildConfiguration;
			buildSettings = {
				ASSETCATALOG_COMPILER_APPICON_NAME = AppIcon;
				CODE_SIGN_STYLE = Automatic;
				DEVELOPMENT_TEAM = F8Q92BQT73;
				INFOPLIST_FILE = WeFit/Info.plist;
				LD_RUNPATH_SEARCH_PATHS = (
					"$(inherited)",
					"@executable_path/Frameworks",
				);
				PRODUCT_BUNDLE_IDENTIFIER = us.WeFit.WeFit;
				PRODUCT_NAME = "$(TARGET_NAME)";
				SWIFT_VERSION = 5.0;
				TARGETED_DEVICE_FAMILY = "1,2";
			};
			name = Debug;
		};
		5CB20BBF2330A2E70040411F /* Release */ = {
			isa = XCBuildConfiguration;
			buildSettings = {
				ASSETCATALOG_COMPILER_APPICON_NAME = AppIcon;
				CODE_SIGN_STYLE = Automatic;
				DEVELOPMENT_TEAM = F8Q92BQT73;
				INFOPLIST_FILE = WeFit/Info.plist;
				LD_RUNPATH_SEARCH_PATHS = (
					"$(inherited)",
					"@executable_path/Frameworks",
				);
				PRODUCT_BUNDLE_IDENTIFIER = us.WeFit.WeFit;
				PRODUCT_NAME = "$(TARGET_NAME)";
				SWIFT_VERSION = 5.0;
				TARGETED_DEVICE_FAMILY = "1,2";
			};
			name = Release;
		};
		5CB20BC12330A2E70040411F /* Debug */ = {
			isa = XCBuildConfiguration;
			buildSettings = {
				ALWAYS_EMBED_SWIFT_STANDARD_LIBRARIES = YES;
				BUNDLE_LOADER = "$(TEST_HOST)";
				CODE_SIGN_STYLE = Automatic;
				DEVELOPMENT_TEAM = F8Q92BQT73;
				INFOPLIST_FILE = WeFitTests/Info.plist;
				LD_RUNPATH_SEARCH_PATHS = (
					"$(inherited)",
					"@executable_path/Frameworks",
					"@loader_path/Frameworks",
				);
				PRODUCT_BUNDLE_IDENTIFIER = us.WeFit.WeFitTests;
				PRODUCT_NAME = "$(TARGET_NAME)";
				SWIFT_VERSION = 5.0;
				TARGETED_DEVICE_FAMILY = "1,2";
				TEST_HOST = "$(BUILT_PRODUCTS_DIR)/WeFit.app/WeFit";
			};
			name = Debug;
		};
		5CB20BC22330A2E70040411F /* Release */ = {
			isa = XCBuildConfiguration;
			buildSettings = {
				ALWAYS_EMBED_SWIFT_STANDARD_LIBRARIES = YES;
				BUNDLE_LOADER = "$(TEST_HOST)";
				CODE_SIGN_STYLE = Automatic;
				DEVELOPMENT_TEAM = F8Q92BQT73;
				INFOPLIST_FILE = WeFitTests/Info.plist;
				LD_RUNPATH_SEARCH_PATHS = (
					"$(inherited)",
					"@executable_path/Frameworks",
					"@loader_path/Frameworks",
				);
				PRODUCT_BUNDLE_IDENTIFIER = us.WeFit.WeFitTests;
				PRODUCT_NAME = "$(TARGET_NAME)";
				SWIFT_VERSION = 5.0;
				TARGETED_DEVICE_FAMILY = "1,2";
				TEST_HOST = "$(BUILT_PRODUCTS_DIR)/WeFit.app/WeFit";
			};
			name = Release;
		};
		5CB20BC42330A2E70040411F /* Debug */ = {
			isa = XCBuildConfiguration;
			buildSettings = {
				ALWAYS_EMBED_SWIFT_STANDARD_LIBRARIES = YES;
				CODE_SIGN_STYLE = Automatic;
				DEVELOPMENT_TEAM = F8Q92BQT73;
				INFOPLIST_FILE = WeFitUITests/Info.plist;
				LD_RUNPATH_SEARCH_PATHS = (
					"$(inherited)",
					"@executable_path/Frameworks",
					"@loader_path/Frameworks",
				);
				PRODUCT_BUNDLE_IDENTIFIER = us.WeFit.WeFitUITests;
				PRODUCT_NAME = "$(TARGET_NAME)";
				SWIFT_VERSION = 5.0;
				TARGETED_DEVICE_FAMILY = "1,2";
				TEST_TARGET_NAME = WeFit;
			};
			name = Debug;
		};
		5CB20BC52330A2E70040411F /* Release */ = {
			isa = XCBuildConfiguration;
			buildSettings = {
				ALWAYS_EMBED_SWIFT_STANDARD_LIBRARIES = YES;
				CODE_SIGN_STYLE = Automatic;
				DEVELOPMENT_TEAM = F8Q92BQT73;
				INFOPLIST_FILE = WeFitUITests/Info.plist;
				LD_RUNPATH_SEARCH_PATHS = (
					"$(inherited)",
					"@executable_path/Frameworks",
					"@loader_path/Frameworks",
				);
				PRODUCT_BUNDLE_IDENTIFIER = us.WeFit.WeFitUITests;
				PRODUCT_NAME = "$(TARGET_NAME)";
				SWIFT_VERSION = 5.0;
				TARGETED_DEVICE_FAMILY = "1,2";
				TEST_TARGET_NAME = WeFit;
			};
			name = Release;
		};
/* End XCBuildConfiguration section */

/* Begin XCConfigurationList section */
		5CB20B8D2330A2E30040411F /* Build configuration list for PBXProject "WeFit" */ = {
			isa = XCConfigurationList;
			buildConfigurations = (
				5CB20BBB2330A2E70040411F /* Debug */,
				5CB20BBC2330A2E70040411F /* Release */,
			);
			defaultConfigurationIsVisible = 0;
			defaultConfigurationName = Release;
		};
		5CB20BBD2330A2E70040411F /* Build configuration list for PBXNativeTarget "WeFit" */ = {
			isa = XCConfigurationList;
			buildConfigurations = (
				5CB20BBE2330A2E70040411F /* Debug */,
				5CB20BBF2330A2E70040411F /* Release */,
			);
			defaultConfigurationIsVisible = 0;
			defaultConfigurationName = Release;
		};
		5CB20BC02330A2E70040411F /* Build configuration list for PBXNativeTarget "WeFitTests" */ = {
			isa = XCConfigurationList;
			buildConfigurations = (
				5CB20BC12330A2E70040411F /* Debug */,
				5CB20BC22330A2E70040411F /* Release */,
			);
			defaultConfigurationIsVisible = 0;
			defaultConfigurationName = Release;
		};
		5CB20BC32330A2E70040411F /* Build configuration list for PBXNativeTarget "WeFitUITests" */ = {
			isa = XCConfigurationList;
			buildConfigurations = (
				5CB20BC42330A2E70040411F /* Debug */,
				5CB20BC52330A2E70040411F /* Release */,
			);
			defaultConfigurationIsVisible = 0;
			defaultConfigurationName = Release;
		};
/* End XCConfigurationList section */

/* Begin XCVersionGroup section */
		5CB20B9C2330A2E30040411F /* WeFit.xcdatamodeld */ = {
			isa = XCVersionGroup;
			children = (
				5CB20B9D2330A2E30040411F /* WeFit.xcdatamodel */,
			);
			currentVersion = 5CB20B9D2330A2E30040411F /* WeFit.xcdatamodel */;
			path = WeFit.xcdatamodeld;
			sourceTree = "<group>";
			versionGroupType = wrapper.xcdatamodel;
		};
/* End XCVersionGroup section */
	};
	rootObject = 5CB20B8A2330A2E30040411F /* Project object */;
}
